// !$*UTF8*$!
{
	archiveVersion = 1;
	classes = {
	};
	objectVersion = 55;
	objects = {

/* Begin PBXBuildFile section */
		033A0A52289A93B000EC9522 /* AppDelegate.swift in Sources */ = {isa = PBXBuildFile; fileRef = 033A0A51289A93B000EC9522 /* AppDelegate.swift */; };
		033A0A54289A93B000EC9522 /* SceneDelegate.swift in Sources */ = {isa = PBXBuildFile; fileRef = 033A0A53289A93B000EC9522 /* SceneDelegate.swift */; };
		033A0A56289A93B000EC9522 /* ViewController.swift in Sources */ = {isa = PBXBuildFile; fileRef = 033A0A55289A93B000EC9522 /* ViewController.swift */; };
		033A0A59289A93B000EC9522 /* Main.storyboard in Resources */ = {isa = PBXBuildFile; fileRef = 033A0A57289A93B000EC9522 /* Main.storyboard */; };
		033A0A5B289A93B200EC9522 /* Assets.xcassets in Resources */ = {isa = PBXBuildFile; fileRef = 033A0A5A289A93B200EC9522 /* Assets.xcassets */; };
		033A0A5E289A93B200EC9522 /* LaunchScreen.storyboard in Resources */ = {isa = PBXBuildFile; fileRef = 033A0A5C289A93B200EC9522 /* LaunchScreen.storyboard */; };
		033A0A66289A948500EC9522 /* DiskStatus.swift in Sources */ = {isa = PBXBuildFile; fileRef = 033A0A65289A948500EC9522 /* DiskStatus.swift */; };
		033A0A6A289A94F100EC9522 /* CircularProgressView.swift in Sources */ = {isa = PBXBuildFile; fileRef = 033A0A68289A94F100EC9522 /* CircularProgressView.swift */; };
		033A0A6B289A94F100EC9522 /* Timer.swift in Sources */ = {isa = PBXBuildFile; fileRef = 033A0A69289A94F100EC9522 /* Timer.swift */; };
		033A0A6D289A963A00EC9522 /* Define.swift in Sources */ = {isa = PBXBuildFile; fileRef = 033A0A6C289A963A00EC9522 /* Define.swift */; };
/* End PBXBuildFile section */

/* Begin PBXFileReference section */
		033A0A4E289A93B000EC9522 /* DiskStatusGetAndWithProgressbar.app */ = {isa = PBXFileReference; explicitFileType = wrapper.application; includeInIndex = 0; path = DiskStatusGetAndWithProgressbar.app; sourceTree = BUILT_PRODUCTS_DIR; };
		033A0A51289A93B000EC9522 /* AppDelegate.swift */ = {isa = PBXFileReference; lastKnownFileType = sourcecode.swift; path = AppDelegate.swift; sourceTree = "<group>"; };
		033A0A53289A93B000EC9522 /* SceneDelegate.swift */ = {isa = PBXFileReference; lastKnownFileType = sourcecode.swift; path = SceneDelegate.swift; sourceTree = "<group>"; };
		033A0A55289A93B000EC9522 /* ViewController.swift */ = {isa = PBXFileReference; lastKnownFileType = sourcecode.swift; path = ViewController.swift; sourceTree = "<group>"; };
		033A0A58289A93B000EC9522 /* Base */ = {isa = PBXFileReference; lastKnownFileType = file.storyboard; name = Base; path = Base.lproj/Main.storyboard; sourceTree = "<group>"; };
		033A0A5A289A93B200EC9522 /* Assets.xcassets */ = {isa = PBXFileReference; lastKnownFileType = folder.assetcatalog; path = Assets.xcassets; sourceTree = "<group>"; };
		033A0A5D289A93B200EC9522 /* Base */ = {isa = PBXFileReference; lastKnownFileType = file.storyboard; name = Base; path = Base.lproj/LaunchScreen.storyboard; sourceTree = "<group>"; };
		033A0A5F289A93B200EC9522 /* Info.plist */ = {isa = PBXFileReference; lastKnownFileType = text.plist.xml; path = Info.plist; sourceTree = "<group>"; };
		033A0A65289A948500EC9522 /* DiskStatus.swift */ = {isa = PBXFileReference; fileEncoding = 4; lastKnownFileType = sourcecode.swift; path = DiskStatus.swift; sourceTree = "<group>"; };
		033A0A68289A94F100EC9522 /* CircularProgressView.swift */ = {isa = PBXFileReference; fileEncoding = 4; lastKnownFileType = sourcecode.swift; path = CircularProgressView.swift; sourceTree = "<group>"; };
		033A0A69289A94F100EC9522 /* Timer.swift */ = {isa = PBXFileReference; fileEncoding = 4; lastKnownFileType = sourcecode.swift; path = Timer.swift; sourceTree = "<group>"; };
		033A0A6C289A963A00EC9522 /* Define.swift */ = {isa = PBXFileReference; lastKnownFileType = sourcecode.swift; path = Define.swift; sourceTree = "<group>"; };
/* End PBXFileReference section */

/* Begin PBXFrameworksBuildPhase section */
		033A0A4B289A93B000EC9522 /* Frameworks */ = {
			isa = PBXFrameworksBuildPhase;
			buildActionMask = 2147483647;
			files = (
			);
			runOnlyForDeploymentPostprocessing = 0;
		};
/* End PBXFrameworksBuildPhase section */

/* Begin PBXGroup section */
		033A0A45289A93B000EC9522 = {
			isa = PBXGroup;
			children = (
				033A0A50289A93B000EC9522 /* DiskStatusGetAndWithProgressbar */,
				033A0A4F289A93B000EC9522 /* Products */,
			);
			sourceTree = "<group>";
		};
		033A0A4F289A93B000EC9522 /* Products */ = {
			isa = PBXGroup;
			children = (
				033A0A4E289A93B000EC9522 /* DiskStatusGetAndWithProgressbar.app */,
			);
			name = Products;
			sourceTree = "<group>";
		};
		033A0A50289A93B000EC9522 /* DiskStatusGetAndWithProgressbar */ = {
			isa = PBXGroup;
			children = (
				033A0A67289A94F100EC9522 /* CircularProgressView */,
				033A0A71289A976A00EC9522 /* System */,
				033A0A70289A975C00EC9522 /* Helper */,
				033A0A6F289A96D000EC9522 /* Storyboard */,
				033A0A6E289A96C300EC9522 /* Controller */,
				033A0A5A289A93B200EC9522 /* Assets.xcassets */,
				033A0A5F289A93B200EC9522 /* Info.plist */,
			);
			path = DiskStatusGetAndWithProgressbar;
			sourceTree = "<group>";
		};
		033A0A67289A94F100EC9522 /* CircularProgressView */ = {
			isa = PBXGroup;
			children = (
				033A0A68289A94F100EC9522 /* CircularProgressView.swift */,
				033A0A69289A94F100EC9522 /* Timer.swift */,
			);
			path = CircularProgressView;
			sourceTree = "<group>";
		};
		033A0A6E289A96C300EC9522 /* Controller */ = {
			isa = PBXGroup;
			children = (
				033A0A55289A93B000EC9522 /* ViewController.swift */,
			);
			path = Controller;
			sourceTree = "<group>";
		};
		033A0A6F289A96D000EC9522 /* Storyboard */ = {
			isa = PBXGroup;
			children = (
				033A0A57289A93B000EC9522 /* Main.storyboard */,
				033A0A5C289A93B200EC9522 /* LaunchScreen.storyboard */,
			);
			path = Storyboard;
			sourceTree = "<group>";
		};
		033A0A70289A975C00EC9522 /* Helper */ = {
			isa = PBXGroup;
			children = (
				033A0A65289A948500EC9522 /* DiskStatus.swift */,
				033A0A6C289A963A00EC9522 /* Define.swift */,
			);
			path = Helper;
			sourceTree = "<group>";
		};
		033A0A71289A976A00EC9522 /* System */ = {
			isa = PBXGroup;
			children = (
				033A0A51289A93B000EC9522 /* AppDelegate.swift */,
				033A0A53289A93B000EC9522 /* SceneDelegate.swift */,
			);
			path = System;
			sourceTree = "<group>";
		};
/* End PBXGroup section */

/* Begin PBXNativeTarget section */
		033A0A4D289A93B000EC9522 /* DiskStatusGetAndWithProgressbar */ = {
			isa = PBXNativeTarget;
			buildConfigurationList = 033A0A62289A93B200EC9522 /* Build configuration list for PBXNativeTarget "DiskStatusGetAndWithProgressbar" */;
			buildPhases = (
				033A0A4A289A93B000EC9522 /* Sources */,
				033A0A4B289A93B000EC9522 /* Frameworks */,
				033A0A4C289A93B000EC9522 /* Resources */,
			);
			buildRules = (
			);
			dependencies = (
			);
			name = DiskStatusGetAndWithProgressbar;
			productName = DiskStatusGetAndWithProgressbar;
			productReference = 033A0A4E289A93B000EC9522 /* DiskStatusGetAndWithProgressbar.app */;
			productType = "com.apple.product-type.application";
		};
/* End PBXNativeTarget section */

/* Begin PBXProject section */
		033A0A46289A93B000EC9522 /* Project object */ = {
			isa = PBXProject;
			attributes = {
				BuildIndependentTargetsInParallel = 1;
				LastSwiftUpdateCheck = 1340;
				LastUpgradeCheck = 1340;
				TargetAttributes = {
					033A0A4D289A93B000EC9522 = {
						CreatedOnToolsVersion = 13.4.1;
					};
				};
			};
			buildConfigurationList = 033A0A49289A93B000EC9522 /* Build configuration list for PBXProject "DiskStatusGetAndWithProgressbar" */;
			compatibilityVersion = "Xcode 13.0";
			developmentRegion = en;
			hasScannedForEncodings = 0;
			knownRegions = (
				en,
				Base,
			);
			mainGroup = 033A0A45289A93B000EC9522;
			productRefGroup = 033A0A4F289A93B000EC9522 /* Products */;
			projectDirPath = "";
			projectRoot = "";
			targets = (
				033A0A4D289A93B000EC9522 /* DiskStatusGetAndWithProgressbar */,
			);
		};
/* End PBXProject section */

/* Begin PBXResourcesBuildPhase section */
		033A0A4C289A93B000EC9522 /* Resources */ = {
			isa = PBXResourcesBuildPhase;
			buildActionMask = 2147483647;
			files = (
				033A0A5E289A93B200EC9522 /* LaunchScreen.storyboard in Resources */,
				033A0A5B289A93B200EC9522 /* Assets.xcassets in Resources */,
				033A0A59289A93B000EC9522 /* Main.storyboard in Resources */,
			);
			runOnlyForDeploymentPostprocessing = 0;
		};
/* End PBXResourcesBuildPhase section */

/* Begin PBXSourcesBuildPhase section */
		033A0A4A289A93B000EC9522 /* Sources */ = {
			isa = PBXSourcesBuildPhase;
			buildActionMask = 2147483647;
			files = (
				033A0A56289A93B000EC9522 /* ViewController.swift in Sources */,
				033A0A52289A93B000EC9522 /* AppDelegate.swift in Sources */,
				033A0A66289A948500EC9522 /* DiskStatus.swift in Sources */,
				033A0A6B289A94F100EC9522 /* Timer.swift in Sources */,
				033A0A6A289A94F100EC9522 /* CircularProgressView.swift in Sources */,
				033A0A54289A93B000EC9522 /* SceneDelegate.swift in Sources */,
				033A0A6D289A963A00EC9522 /* Define.swift in Sources */,
			);
			runOnlyForDeploymentPostprocessing = 0;
		};
/* End PBXSourcesBuildPhase section */

/* Begin PBXVariantGroup section */
		033A0A57289A93B000EC9522 /* Main.storyboard */ = {
			isa = PBXVariantGroup;
			children = (
				033A0A58289A93B000EC9522 /* Base */,
			);
			name = Main.storyboard;
			sourceTree = "<group>";
		};
		033A0A5C289A93B200EC9522 /* LaunchScreen.storyboard */ = {
			isa = PBXVariantGroup;
			children = (
				033A0A5D289A93B200EC9522 /* Base */,
			);
			name = LaunchScreen.storyboard;
			sourceTree = "<group>";
		};
/* End PBXVariantGroup section */

/* Begin XCBuildConfiguration section */
		033A0A60289A93B200EC9522 /* Debug */ = {
			isa = XCBuildConfiguration;
			buildSettings = {
				ALWAYS_SEARCH_USER_PATHS = NO;
				CLANG_ANALYZER_NONNULL = YES;
				CLANG_ANALYZER_NUMBER_OBJECT_CONVERSION = YES_AGGRESSIVE;
				CLANG_CXX_LANGUAGE_STANDARD = "gnu++17";
				CLANG_ENABLE_MODULES = YES;
				CLANG_ENABLE_OBJC_ARC = YES;
				CLANG_ENABLE_OBJC_WEAK = YES;
				CLANG_WARN_BLOCK_CAPTURE_AUTORELEASING = YES;
				CLANG_WARN_BOOL_CONVERSION = YES;
				CLANG_WARN_COMMA = YES;
				CLANG_WARN_CONSTANT_CONVERSION = YES;
				CLANG_WARN_DEPRECATED_OBJC_IMPLEMENTATIONS = YES;
				CLANG_WARN_DIRECT_OBJC_ISA_USAGE = YES_ERROR;
				CLANG_WARN_DOCUMENTATION_COMMENTS = YES;
				CLANG_WARN_EMPTY_BODY = YES;
				CLANG_WARN_ENUM_CONVERSION = YES;
				CLANG_WARN_INFINITE_RECURSION = YES;
				CLANG_WARN_INT_CONVERSION = YES;
				CLANG_WARN_NON_LITERAL_NULL_CONVERSION = YES;
				CLANG_WARN_OBJC_IMPLICIT_RETAIN_SELF = YES;
				CLANG_WARN_OBJC_LITERAL_CONVERSION = YES;
				CLANG_WARN_OBJC_ROOT_CLASS = YES_ERROR;
				CLANG_WARN_QUOTED_INCLUDE_IN_FRAMEWORK_HEADER = YES;
				CLANG_WARN_RANGE_LOOP_ANALYSIS = YES;
				CLANG_WARN_STRICT_PROTOTYPES = YES;
				CLANG_WARN_SUSPICIOUS_MOVE = YES;
				CLANG_WARN_UNGUARDED_AVAILABILITY = YES_AGGRESSIVE;
				CLANG_WARN_UNREACHABLE_CODE = YES;
				CLANG_WARN__DUPLICATE_METHOD_MATCH = YES;
				COPY_PHASE_STRIP = NO;
				DEBUG_INFORMATION_FORMAT = dwarf;
				ENABLE_STRICT_OBJC_MSGSEND = YES;
				ENABLE_TESTABILITY = YES;
				GCC_C_LANGUAGE_STANDARD = gnu11;
				GCC_DYNAMIC_NO_PIC = NO;
				GCC_NO_COMMON_BLOCKS = YES;
				GCC_OPTIMIZATION_LEVEL = 0;
				GCC_PREPROCESSOR_DEFINITIONS = (
					"DEBUG=1",
					"$(inherited)",
				);
				GCC_WARN_64_TO_32_BIT_CONVERSION = YES;
				GCC_WARN_ABOUT_RETURN_TYPE = YES_ERROR;
				GCC_WARN_UNDECLARED_SELECTOR = YES;
				GCC_WARN_UNINITIALIZED_AUTOS = YES_AGGRESSIVE;
				GCC_WARN_UNUSED_FUNCTION = YES;
				GCC_WARN_UNUSED_VARIABLE = YES;
				IPHONEOS_DEPLOYMENT_TARGET = 15.5;
				MTL_ENABLE_DEBUG_INFO = INCLUDE_SOURCE;
				MTL_FAST_MATH = YES;
				ONLY_ACTIVE_ARCH = YES;
				SDKROOT = iphoneos;
				SWIFT_ACTIVE_COMPILATION_CONDITIONS = DEBUG;
				SWIFT_OPTIMIZATION_LEVEL = "-Onone";
			};
			name = Debug;
		};
		033A0A61289A93B200EC9522 /* Release */ = {
			isa = XCBuildConfiguration;
			buildSettings = {
				ALWAYS_SEARCH_USER_PATHS = NO;
				CLANG_ANALYZER_NONNULL = YES;
				CLANG_ANALYZER_NUMBER_OBJECT_CONVERSION = YES_AGGRESSIVE;
				CLANG_CXX_LANGUAGE_STANDARD = "gnu++17";
				CLANG_ENABLE_MODULES = YES;
				CLANG_ENABLE_OBJC_ARC = YES;
				CLANG_ENABLE_OBJC_WEAK = YES;
				CLANG_WARN_BLOCK_CAPTURE_AUTORELEASING = YES;
				CLANG_WARN_BOOL_CONVERSION = YES;
				CLANG_WARN_COMMA = YES;
				CLANG_WARN_CONSTANT_CONVERSION = YES;
				CLANG_WARN_DEPRECATED_OBJC_IMPLEMENTATIONS = YES;
				CLANG_WARN_DIRECT_OBJC_ISA_USAGE = YES_ERROR;
				CLANG_WARN_DOCUMENTATION_COMMENTS = YES;
				CLANG_WARN_EMPTY_BODY = YES;
				CLANG_WARN_ENUM_CONVERSION = YES;
				CLANG_WARN_INFINITE_RECURSION = YES;
				CLANG_WARN_INT_CONVERSION = YES;
				CLANG_WARN_NON_LITERAL_NULL_CONVERSION = YES;
				CLANG_WARN_OBJC_IMPLICIT_RETAIN_SELF = YES;
				CLANG_WARN_OBJC_LITERAL_CONVERSION = YES;
				CLANG_WARN_OBJC_ROOT_CLASS = YES_ERROR;
				CLANG_WARN_QUOTED_INCLUDE_IN_FRAMEWORK_HEADER = YES;
				CLANG_WARN_RANGE_LOOP_ANALYSIS = YES;
				CLANG_WARN_STRICT_PROTOTYPES = YES;
				CLANG_WARN_SUSPICIOUS_MOVE = YES;
				CLANG_WARN_UNGUARDED_AVAILABILITY = YES_AGGRESSIVE;
				CLANG_WARN_UNREACHABLE_CODE = YES;
				CLANG_WARN__DUPLICATE_METHOD_MATCH = YES;
				COPY_PHASE_STRIP = NO;
				DEBUG_INFORMATION_FORMAT = "dwarf-with-dsym";
				ENABLE_NS_ASSERTIONS = NO;
				ENABLE_STRICT_OBJC_MSGSEND = YES;
				GCC_C_LANGUAGE_STANDARD = gnu11;
				GCC_NO_COMMON_BLOCKS = YES;
				GCC_WARN_64_TO_32_BIT_CONVERSION = YES;
				GCC_WARN_ABOUT_RETURN_TYPE = YES_ERROR;
				GCC_WARN_UNDECLARED_SELECTOR = YES;
				GCC_WARN_UNINITIALIZED_AUTOS = YES_AGGRESSIVE;
				GCC_WARN_UNUSED_FUNCTION = YES;
				GCC_WARN_UNUSED_VARIABLE = YES;
				IPHONEOS_DEPLOYMENT_TARGET = 15.5;
				MTL_ENABLE_DEBUG_INFO = NO;
				MTL_FAST_MATH = YES;
				SDKROOT = iphoneos;
				SWIFT_COMPILATION_MODE = wholemodule;
				SWIFT_OPTIMIZATION_LEVEL = "-O";
				VALIDATE_PRODUCT = YES;
			};
			name = Release;
		};
		033A0A63289A93B200EC9522 /* Debug */ = {
			isa = XCBuildConfiguration;
			buildSettings = {
				ASSETCATALOG_COMPILER_APPICON_NAME = AppIcon;
				ASSETCATALOG_COMPILER_GLOBAL_ACCENT_COLOR_NAME = AccentColor;
				CODE_SIGN_STYLE = Automatic;
				CURRENT_PROJECT_VERSION = 1;
				DEVELOPMENT_TEAM = QQ9A9476GK;
				GENERATE_INFOPLIST_FILE = YES;
				INFOPLIST_FILE = DiskStatusGetAndWithProgressbar/Info.plist;
				INFOPLIST_KEY_UIApplicationSupportsIndirectInputEvents = YES;
				INFOPLIST_KEY_UILaunchStoryboardName = LaunchScreen;
				INFOPLIST_KEY_UIMainStoryboardFile = Main;
				INFOPLIST_KEY_UISupportedInterfaceOrientations_iPad = "UIInterfaceOrientationPortrait UIInterfaceOrientationPortraitUpsideDown UIInterfaceOrientationLandscapeLeft UIInterfaceOrientationLandscapeRight";
				INFOPLIST_KEY_UISupportedInterfaceOrientations_iPhone = "UIInterfaceOrientationPortrait UIInterfaceOrientationLandscapeLeft UIInterfaceOrientationLandscapeRight";
				LD_RUNPATH_SEARCH_PATHS = (
					"$(inherited)",
					"@executable_path/Frameworks",
				);
				MARKETING_VERSION = 1.0;
				PRODUCT_BUNDLE_IDENTIFIER = com.tarif.DiskStatusGetAndWithProgressbar;
				PRODUCT_NAME = "$(TARGET_NAME)";
				SWIFT_EMIT_LOC_STRINGS = YES;
				SWIFT_VERSION = 5.0;
				TARGETED_DEVICE_FAMILY = "1,2";
			};
			name = Debug;
		};
		033A0A64289A93B200EC9522 /* Release */ = {
			isa = XCBuildConfiguration;
			buildSettings = {
				ASSETCATALOG_COMPILER_APPICON_NAME = AppIcon;
				ASSETCATALOG_COMPILER_GLOBAL_ACCENT_COLOR_NAME = AccentColor;
				CODE_SIGN_STYLE = Automatic;
				CURRENT_PROJECT_VERSION = 1;
				DEVELOPMENT_TEAM = QQ9A9476GK;
				GENERATE_INFOPLIST_FILE = YES;
				INFOPLIST_FILE = DiskStatusGetAndWithProgressbar/Info.plist;
				INFOPLIST_KEY_UIApplicationSupportsIndirectInputEvents = YES;
				INFOPLIST_KEY_UILaunchStoryboardName = LaunchScreen;
				INFOPLIST_KEY_UIMainStoryboardFile = Main;
				INFOPLIST_KEY_UISupportedInterfaceOrientations_iPad = "UIInterfaceOrientationPortrait UIInterfaceOrientationPortraitUpsideDown UIInterfaceOrientationLandscapeLeft UIInterfaceOrientationLandscapeRight";
				INFOPLIST_KEY_UISupportedInterfaceOrientations_iPhone = "UIInterfaceOrientationPortrait UIInterfaceOrientationLandscapeLeft UIInterfaceOrientationLandscapeRight";
				LD_RUNPATH_SEARCH_PATHS = (
					"$(inherited)",
					"@executable_path/Frameworks",
				);
				MARKETING_VERSION = 1.0;
				PRODUCT_BUNDLE_IDENTIFIER = com.tarif.DiskStatusGetAndWithProgressbar;
				PRODUCT_NAME = "$(TARGET_NAME)";
				SWIFT_EMIT_LOC_STRINGS = YES;
				SWIFT_VERSION = 5.0;
				TARGETED_DEVICE_FAMILY = "1,2";
			};
			name = Release;
		};
/* End XCBuildConfiguration section */

/* Begin XCConfigurationList section */
		033A0A49289A93B000EC9522 /* Build configuration list for PBXProject "DiskStatusGetAndWithProgressbar" */ = {
			isa = XCConfigurationList;
			buildConfigurations = (
				033A0A60289A93B200EC9522 /* Debug */,
				033A0A61289A93B200EC9522 /* Release */,
			);
			defaultConfigurationIsVisible = 0;
			defaultConfigurationName = Release;
		};
		033A0A62289A93B200EC9522 /* Build configuration list for PBXNativeTarget "DiskStatusGetAndWithProgressbar" */ = {
			isa = XCConfigurationList;
			buildConfigurations = (
				033A0A63289A93B200EC9522 /* Debug */,
				033A0A64289A93B200EC9522 /* Release */,
			);
			defaultConfigurationIsVisible = 0;
			defaultConfigurationName = Release;
		};
/* End XCConfigurationList section */
	};
	rootObject = 033A0A46289A93B000EC9522 /* Project object */;
}
